
Microsoft Visual Studio Solution File, Format Version 12.00
# Visual Studio Version 16
VisualStudioVersion = 16.0.32106.194
MinimumVisualStudioVersion = 10.0.40219.1
Project("{FAE04EC0-301F-11D3-BF4B-00C04F79EFBC}") = "ConsoleApp1", "ConsoleApp1\ConsoleApp1.csproj", "{2FC2F9C4-F751-42CA-85B3-48AA84077210}"
EndProject
Global
	GlobalSection(SolutionConfigurationPlatforms) = preSolution
		Debug|Any CPU = Debug|Any CPU
		Release|Any CPU = Release|Any CPU
	EndGlobalSection
	GlobalSection(ProjectConfigurationPlatforms) = postSolution
		{2FC2F9C4-F751-42CA-85B3-48AA84077210}.Debug|Any CPU.ActiveCfg = Debug|Any CPU
		{2FC2F9C4-F751-42CA-85B3-48AA84077210}.Debug|Any CPU.Build.0 = Debug|Any CPU
		{2FC2F9C4-F751-42CA-85B3-48AA84077210}.Release|Any CPU.ActiveCfg = Release|Any CPU
		{2FC2F9C4-F751-42CA-85B3-48AA84077210}.Release|Any CPU.Build.0 = Release|Any CPU
	EndGlobalSection
	GlobalSection(SolutionProperties) = preSolution
		HideSolutionNode = FALSE
	EndGlobalSection
	GlobalSection(ExtensibilityGlobals) = postSolution
		SolutionGuid = {15A6C12D-DCEC-4EEF-B79D-9229EB1F8748}
	EndGlobalSection
EndGlobal
